
Microsoft Visual Studio Solution File, Format Version 12.00
# Visual Studio Version 17
VisualStudioVersion = 17.9.34902.65
MinimumVisualStudioVersion = 10.0.40219.1
Project("{9A19103F-16F7-4668-BE54-9A1E7A4F7556}") = "WebSiram", "WebSiram.csproj", "{52C4B0A7-3D63-4B37-BFA4-829608924AD9}"
EndProject
Global
	GlobalSection(SolutionConfigurationPlatforms) = preSolution
		Debug|Any CPU = Debug|Any CPU
		Release|Any CPU = Release|Any CPU
	EndGlobalSection
	GlobalSection(ProjectConfigurationPlatforms) = postSolution
		{52C4B0A7-3D63-4B37-BFA4-829608924AD9}.Debug|Any CPU.ActiveCfg = Debug|Any CPU
		{52C4B0A7-3D63-4B37-BFA4-829608924AD9}.Debug|Any CPU.Build.0 = Debug|Any CPU
		{52C4B0A7-3D63-4B37-BFA4-829608924AD9}.Release|Any CPU.ActiveCfg = Release|Any CPU
		{52C4B0A7-3D63-4B37-BFA4-829608924AD9}.Release|Any CPU.Build.0 = Release|Any CPU
	EndGlobalSection
	GlobalSection(SolutionProperties) = preSolution
		HideSolutionNode = FALSE
	EndGlobalSection
	GlobalSection(ExtensibilityGlobals) = postSolution
		SolutionGuid = {E012A5EA-2960-4004-BF86-3A8D1D149FFC}
	EndGlobalSection
EndGlobal
